
Microsoft Visual Studio Solution File, Format Version 12.00
# Visual Studio 2013
VisualStudioVersion = 12.0.30501.0
MinimumVisualStudioVersion = 10.0.40219.1
Project("{FAE04EC0-301F-11D3-BF4B-00C04F79EFBC}") = "boatClub", "boatClub\boatClub.csproj", "{C3A59967-7540-4FC5-A0C8-FD1122EA7BAB}"
EndProject
Global
	GlobalSection(SolutionConfigurationPlatforms) = preSolution
		Debug|Any CPU = Debug|Any CPU
		Release|Any CPU = Release|Any CPU
	EndGlobalSection
	GlobalSection(ProjectConfigurationPlatforms) = postSolution
		{C3A59967-7540-4FC5-A0C8-FD1122EA7BAB}.Debug|Any CPU.ActiveCfg = Debug|Any CPU
		{C3A59967-7540-4FC5-A0C8-FD1122EA7BAB}.Debug|Any CPU.Build.0 = Debug|Any CPU
		{C3A59967-7540-4FC5-A0C8-FD1122EA7BAB}.Release|Any CPU.ActiveCfg = Release|Any CPU
		{C3A59967-7540-4FC5-A0C8-FD1122EA7BAB}.Release|Any CPU.Build.0 = Release|Any CPU
	EndGlobalSection
	GlobalSection(SolutionProperties) = preSolution
		HideSolutionNode = FALSE
	EndGlobalSection
EndGlobal
